
Microsoft Visual Studio Solution File, Format Version 10.00
# Visual Studio 2008
Project("{FAE04EC0-301F-11D3-BF4B-00C04F79EFBC}") = "Client_Tarafi", "Client_Tarafi\Client_Tarafi.csproj", "{F5E2230D-81D5-4EBF-AC40-2A242396CB72}"
EndProject
Project("{FAE04EC0-301F-11D3-BF4B-00C04F79EFBC}") = "Server_Tarafi", "Server_Tarafi\Server_Tarafi.csproj", "{1566FE46-B890-421F-BAAE-7952774A71F1}"
EndProject
Global
	GlobalSection(SolutionConfigurationPlatforms) = preSolution
		Debug|Any CPU = Debug|Any CPU
		Release|Any CPU = Release|Any CPU
	EndGlobalSection
	GlobalSection(ProjectConfigurationPlatforms) = postSolution
		{F5E2230D-81D5-4EBF-AC40-2A242396CB72}.Debug|Any CPU.ActiveCfg = Debug|Any CPU
		{F5E2230D-81D5-4EBF-AC40-2A242396CB72}.Debug|Any CPU.Build.0 = Debug|Any CPU
		{F5E2230D-81D5-4EBF-AC40-2A242396CB72}.Release|Any CPU.ActiveCfg = Release|Any CPU
		{F5E2230D-81D5-4EBF-AC40-2A242396CB72}.Release|Any CPU.Build.0 = Release|Any CPU
		{1566FE46-B890-421F-BAAE-7952774A71F1}.Debug|Any CPU.ActiveCfg = Debug|Any CPU
		{1566FE46-B890-421F-BAAE-7952774A71F1}.Debug|Any CPU.Build.0 = Debug|Any CPU
		{1566FE46-B890-421F-BAAE-7952774A71F1}.Release|Any CPU.ActiveCfg = Release|Any CPU
		{1566FE46-B890-421F-BAAE-7952774A71F1}.Release|Any CPU.Build.0 = Release|Any CPU
	EndGlobalSection
	GlobalSection(SolutionProperties) = preSolution
		HideSolutionNode = FALSE
	EndGlobalSection
EndGlobal
